
Microsoft Visual Studio Solution File, Format Version 12.00
# Visual Studio Version 16
VisualStudioVersion = 16.0.30711.63
MinimumVisualStudioVersion = 10.0.40219.1
Project("{9A19103F-16F7-4668-BE54-9A1E7A4F7556}") = "data-access", "data-access\data-access.csproj", "{8ADBA38E-D6BE-4FF1-9EB6-D658C0005101}"
EndProject
Project("{9A19103F-16F7-4668-BE54-9A1E7A4F7556}") = "turradgiver-api", "turradgiver-api\turradgiver-api.csproj", "{B8008E0F-D6C8-4D4B-91D4-268C7654706B}"
EndProject
Global
	GlobalSection(SolutionConfigurationPlatforms) = preSolution
		Debug|Any CPU = Debug|Any CPU
		Release|Any CPU = Release|Any CPU
	EndGlobalSection
	GlobalSection(ProjectConfigurationPlatforms) = postSolution
		{8ADBA38E-D6BE-4FF1-9EB6-D658C0005101}.Debug|Any CPU.ActiveCfg = Debug|Any CPU
		{8ADBA38E-D6BE-4FF1-9EB6-D658C0005101}.Debug|Any CPU.Build.0 = Debug|Any CPU
		{8ADBA38E-D6BE-4FF1-9EB6-D658C0005101}.Release|Any CPU.ActiveCfg = Release|Any CPU
		{8ADBA38E-D6BE-4FF1-9EB6-D658C0005101}.Release|Any CPU.Build.0 = Release|Any CPU
		{B8008E0F-D6C8-4D4B-91D4-268C7654706B}.Debug|Any CPU.ActiveCfg = Debug|Any CPU
		{B8008E0F-D6C8-4D4B-91D4-268C7654706B}.Debug|Any CPU.Build.0 = Debug|Any CPU
		{B8008E0F-D6C8-4D4B-91D4-268C7654706B}.Release|Any CPU.ActiveCfg = Release|Any CPU
		{B8008E0F-D6C8-4D4B-91D4-268C7654706B}.Release|Any CPU.Build.0 = Release|Any CPU
	EndGlobalSection
	GlobalSection(SolutionProperties) = preSolution
		HideSolutionNode = FALSE
	EndGlobalSection
	GlobalSection(ExtensibilityGlobals) = postSolution
		SolutionGuid = {BB8C71C4-35B7-4E39-B31F-E6C9E66CE7F2}
	EndGlobalSection
EndGlobal
